// !$*UTF8*$!
{
	archiveVersion = 1;
	classes = {
	};
	objectVersion = 56;
	objects = {

/* Begin PBXBuildFile section */
		432B1F7029D1A4840073C4C9 /* SceneDelegate.swift in Sources */ = {isa = PBXBuildFile; fileRef = 432B1F6F29D1A4840073C4C9 /* SceneDelegate.swift */; };
		432B1F7529D1A4840073C4C9 /* Main.storyboard in Resources */ = {isa = PBXBuildFile; fileRef = 432B1F7329D1A4840073C4C9 /* Main.storyboard */; };
		432B1F7729D1A4880073C4C9 /* Assets.xcassets in Resources */ = {isa = PBXBuildFile; fileRef = 432B1F7629D1A4880073C4C9 /* Assets.xcassets */; };
		432B1F7A29D1A4880073C4C9 /* LaunchScreen.storyboard in Resources */ = {isa = PBXBuildFile; fileRef = 432B1F7829D1A4880073C4C9 /* LaunchScreen.storyboard */; };
		432B1F8729D1B5BF0073C4C9 /* HTTPClient.swift in Sources */ = {isa = PBXBuildFile; fileRef = 432B1F8529D1B5BF0073C4C9 /* HTTPClient.swift */; };
		432B1F8829D1B5BF0073C4C9 /* URLSessionHTTPClient.swift in Sources */ = {isa = PBXBuildFile; fileRef = 432B1F8629D1B5BF0073C4C9 /* URLSessionHTTPClient.swift */; };
		432B1F8B29D1BA080073C4C9 /* WeatherService.swift in Sources */ = {isa = PBXBuildFile; fileRef = 432B1F8A29D1BA080073C4C9 /* WeatherService.swift */; };
		432B1F8D29D1BCE90073C4C9 /* WeatherData.swift in Sources */ = {isa = PBXBuildFile; fileRef = 432B1F8C29D1BCE90073C4C9 /* WeatherData.swift */; };
		437B748D29D1C6D70082547B /* AppDelegate.swift in Sources */ = {isa = PBXBuildFile; fileRef = 437B748C29D1C6D70082547B /* AppDelegate.swift */; };
		437B748F29D1C7AF0082547B /* WeatherController.swift in Sources */ = {isa = PBXBuildFile; fileRef = 437B748E29D1C7AF0082547B /* WeatherController.swift */; };
		437B749129D1C9290082547B /* RemoteWeatherLoader.swift in Sources */ = {isa = PBXBuildFile; fileRef = 437B749029D1C9290082547B /* RemoteWeatherLoader.swift */; };
		437B749529D2F00F0082547B /* WeatherViewModel.swift in Sources */ = {isa = PBXBuildFile; fileRef = 437B749429D2F00F0082547B /* WeatherViewModel.swift */; };
		437B749929D343210082547B /* WeatherConstant.swift in Sources */ = {isa = PBXBuildFile; fileRef = 437B749829D343210082547B /* WeatherConstant.swift */; };
/* End PBXBuildFile section */

/* Begin PBXFileReference section */
		432B1F6A29D1A4840073C4C9 /* WeatherApp.app */ = {isa = PBXFileReference; explicitFileType = wrapper.application; includeInIndex = 0; path = WeatherApp.app; sourceTree = BUILT_PRODUCTS_DIR; };
		432B1F6F29D1A4840073C4C9 /* SceneDelegate.swift */ = {isa = PBXFileReference; lastKnownFileType = sourcecode.swift; path = SceneDelegate.swift; sourceTree = "<group>"; };
		432B1F7429D1A4840073C4C9 /* Base */ = {isa = PBXFileReference; lastKnownFileType = file.storyboard; name = Base; path = Base.lproj/Main.storyboard; sourceTree = "<group>"; };
		432B1F7629D1A4880073C4C9 /* Assets.xcassets */ = {isa = PBXFileReference; lastKnownFileType = folder.assetcatalog; path = Assets.xcassets; sourceTree = "<group>"; };
		432B1F7929D1A4880073C4C9 /* Base */ = {isa = PBXFileReference; lastKnownFileType = file.storyboard; name = Base; path = Base.lproj/LaunchScreen.storyboard; sourceTree = "<group>"; };
		432B1F7B29D1A4880073C4C9 /* Info.plist */ = {isa = PBXFileReference; lastKnownFileType = text.plist.xml; path = Info.plist; sourceTree = "<group>"; };
		432B1F8529D1B5BF0073C4C9 /* HTTPClient.swift */ = {isa = PBXFileReference; fileEncoding = 4; lastKnownFileType = sourcecode.swift; path = HTTPClient.swift; sourceTree = "<group>"; };
		432B1F8629D1B5BF0073C4C9 /* URLSessionHTTPClient.swift */ = {isa = PBXFileReference; fileEncoding = 4; lastKnownFileType = sourcecode.swift; path = URLSessionHTTPClient.swift; sourceTree = "<group>"; };
		432B1F8A29D1BA080073C4C9 /* WeatherService.swift */ = {isa = PBXFileReference; fileEncoding = 4; lastKnownFileType = sourcecode.swift; path = WeatherService.swift; sourceTree = "<group>"; };
		432B1F8C29D1BCE90073C4C9 /* WeatherData.swift */ = {isa = PBXFileReference; lastKnownFileType = sourcecode.swift; path = WeatherData.swift; sourceTree = "<group>"; };
		437B748C29D1C6D70082547B /* AppDelegate.swift */ = {isa = PBXFileReference; fileEncoding = 4; lastKnownFileType = sourcecode.swift; path = AppDelegate.swift; sourceTree = "<group>"; };
		437B748E29D1C7AF0082547B /* WeatherController.swift */ = {isa = PBXFileReference; lastKnownFileType = sourcecode.swift; path = WeatherController.swift; sourceTree = "<group>"; };
		437B749029D1C9290082547B /* RemoteWeatherLoader.swift */ = {isa = PBXFileReference; lastKnownFileType = sourcecode.swift; path = RemoteWeatherLoader.swift; sourceTree = "<group>"; };
		437B749429D2F00F0082547B /* WeatherViewModel.swift */ = {isa = PBXFileReference; lastKnownFileType = sourcecode.swift; path = WeatherViewModel.swift; sourceTree = "<group>"; };
		437B749829D343210082547B /* WeatherConstant.swift */ = {isa = PBXFileReference; lastKnownFileType = sourcecode.swift; path = WeatherConstant.swift; sourceTree = "<group>"; };
/* End PBXFileReference section */

/* Begin PBXFrameworksBuildPhase section */
		432B1F6729D1A4840073C4C9 /* Frameworks */ = {
			isa = PBXFrameworksBuildPhase;
			buildActionMask = 2147483647;
			files = (
			);
			runOnlyForDeploymentPostprocessing = 0;
		};
/* End PBXFrameworksBuildPhase section */

/* Begin PBXGroup section */
		432B1F6129D1A4840073C4C9 = {
			isa = PBXGroup;
			children = (
				432B1F6C29D1A4840073C4C9 /* WeatherApp */,
				432B1F6B29D1A4840073C4C9 /* Products */,
			);
			sourceTree = "<group>";
		};
		432B1F6B29D1A4840073C4C9 /* Products */ = {
			isa = PBXGroup;
			children = (
				432B1F6A29D1A4840073C4C9 /* WeatherApp.app */,
			);
			name = Products;
			sourceTree = "<group>";
		};
		432B1F6C29D1A4840073C4C9 /* WeatherApp */ = {
			isa = PBXGroup;
			children = (
				437B749729D343080082547B /* Utility */,
				432B1F8929D1B98D0073C4C9 /* Weather API */,
				437B749329D2EBBB0082547B /* ViewModel */,
				437B749229D2EB9A0082547B /* Model */,
				437B749629D342EE0082547B /* ViewController */,
				437B748C29D1C6D70082547B /* AppDelegate.swift */,
				432B1F6F29D1A4840073C4C9 /* SceneDelegate.swift */,
				432B1F7329D1A4840073C4C9 /* Main.storyboard */,
				432B1F7629D1A4880073C4C9 /* Assets.xcassets */,
				432B1F7829D1A4880073C4C9 /* LaunchScreen.storyboard */,
				432B1F7B29D1A4880073C4C9 /* Info.plist */,
			);
			path = WeatherApp;
			sourceTree = "<group>";
		};
		432B1F8929D1B98D0073C4C9 /* Weather API */ = {
			isa = PBXGroup;
			children = (
				432B1F8A29D1BA080073C4C9 /* WeatherService.swift */,
				432B1F8529D1B5BF0073C4C9 /* HTTPClient.swift */,
				432B1F8629D1B5BF0073C4C9 /* URLSessionHTTPClient.swift */,
				437B749029D1C9290082547B /* RemoteWeatherLoader.swift */,
			);
			path = "Weather API";
			sourceTree = "<group>";
		};
		437B749229D2EB9A0082547B /* Model */ = {
			isa = PBXGroup;
			children = (
				432B1F8C29D1BCE90073C4C9 /* WeatherData.swift */,
			);
			path = Model;
			sourceTree = "<group>";
		};
		437B749329D2EBBB0082547B /* ViewModel */ = {
			isa = PBXGroup;
			children = (
				437B749429D2F00F0082547B /* WeatherViewModel.swift */,
			);
			path = ViewModel;
			sourceTree = "<group>";
		};
		437B749629D342EE0082547B /* ViewController */ = {
			isa = PBXGroup;
			children = (
				437B748E29D1C7AF0082547B /* WeatherController.swift */,
			);
			path = ViewController;
			sourceTree = "<group>";
		};
		437B749729D343080082547B /* Utility */ = {
			isa = PBXGroup;
			children = (
				437B749829D343210082547B /* WeatherConstant.swift */,
			);
			path = Utility;
			sourceTree = "<group>";
		};
/* End PBXGroup section */

/* Begin PBXNativeTarget section */
		432B1F6929D1A4840073C4C9 /* WeatherApp */ = {
			isa = PBXNativeTarget;
			buildConfigurationList = 432B1F7E29D1A4880073C4C9 /* Build configuration list for PBXNativeTarget "WeatherApp" */;
			buildPhases = (
				432B1F6629D1A4840073C4C9 /* Sources */,
				432B1F6729D1A4840073C4C9 /* Frameworks */,
				432B1F6829D1A4840073C4C9 /* Resources */,
			);
			buildRules = (
			);
			dependencies = (
			);
			name = WeatherApp;
			productName = WeatherApp;
			productReference = 432B1F6A29D1A4840073C4C9 /* WeatherApp.app */;
			productType = "com.apple.product-type.application";
		};
/* End PBXNativeTarget section */

/* Begin PBXProject section */
		432B1F6229D1A4840073C4C9 /* Project object */ = {
			isa = PBXProject;
			attributes = {
				BuildIndependentTargetsInParallel = 1;
				LastSwiftUpdateCheck = 1420;
				LastUpgradeCheck = 1420;
				TargetAttributes = {
					432B1F6929D1A4840073C4C9 = {
						CreatedOnToolsVersion = 14.2;
					};
				};
			};
			buildConfigurationList = 432B1F6529D1A4840073C4C9 /* Build configuration list for PBXProject "WeatherApp" */;
			compatibilityVersion = "Xcode 14.0";
			developmentRegion = en;
			hasScannedForEncodings = 0;
			knownRegions = (
				en,
				Base,
			);
			mainGroup = 432B1F6129D1A4840073C4C9;
			productRefGroup = 432B1F6B29D1A4840073C4C9 /* Products */;
			projectDirPath = "";
			projectRoot = "";
			targets = (
				432B1F6929D1A4840073C4C9 /* WeatherApp */,
			);
		};
/* End PBXProject section */

/* Begin PBXResourcesBuildPhase section */
		432B1F6829D1A4840073C4C9 /* Resources */ = {
			isa = PBXResourcesBuildPhase;
			buildActionMask = 2147483647;
			files = (
				432B1F7A29D1A4880073C4C9 /* LaunchScreen.storyboard in Resources */,
				432B1F7729D1A4880073C4C9 /* Assets.xcassets in Resources */,
				432B1F7529D1A4840073C4C9 /* Main.storyboard in Resources */,
			);
			runOnlyForDeploymentPostprocessing = 0;
		};
/* End PBXResourcesBuildPhase section */

/* Begin PBXSourcesBuildPhase section */
		432B1F6629D1A4840073C4C9 /* Sources */ = {
			isa = PBXSourcesBuildPhase;
			buildActionMask = 2147483647;
			files = (
				432B1F7029D1A4840073C4C9 /* SceneDelegate.swift in Sources */,
				437B749529D2F00F0082547B /* WeatherViewModel.swift in Sources */,
				432B1F8729D1B5BF0073C4C9 /* HTTPClient.swift in Sources */,
				432B1F8B29D1BA080073C4C9 /* WeatherService.swift in Sources */,
				437B748D29D1C6D70082547B /* AppDelegate.swift in Sources */,
				432B1F8D29D1BCE90073C4C9 /* WeatherData.swift in Sources */,
				437B748F29D1C7AF0082547B /* WeatherController.swift in Sources */,
				432B1F8829D1B5BF0073C4C9 /* URLSessionHTTPClient.swift in Sources */,
				437B749929D343210082547B /* WeatherConstant.swift in Sources */,
				437B749129D1C9290082547B /* RemoteWeatherLoader.swift in Sources */,
			);
			runOnlyForDeploymentPostprocessing = 0;
		};
/* End PBXSourcesBuildPhase section */

/* Begin PBXVariantGroup section */
		432B1F7329D1A4840073C4C9 /* Main.storyboard */ = {
			isa = PBXVariantGroup;
			children = (
				432B1F7429D1A4840073C4C9 /* Base */,
			);
			name = Main.storyboard;
			sourceTree = "<group>";
		};
		432B1F7829D1A4880073C4C9 /* LaunchScreen.storyboard */ = {
			isa = PBXVariantGroup;
			children = (
				432B1F7929D1A4880073C4C9 /* Base */,
			);
			name = LaunchScreen.storyboard;
			sourceTree = "<group>";
		};
/* End PBXVariantGroup section */

/* Begin XCBuildConfiguration section */
		432B1F7C29D1A4880073C4C9 /* Debug */ = {
			isa = XCBuildConfiguration;
			buildSettings = {
				ALWAYS_SEARCH_USER_PATHS = NO;
				CLANG_ANALYZER_NONNULL = YES;
				CLANG_ANALYZER_NUMBER_OBJECT_CONVERSION = YES_AGGRESSIVE;
				CLANG_CXX_LANGUAGE_STANDARD = "gnu++20";
				CLANG_ENABLE_MODULES = YES;
				CLANG_ENABLE_OBJC_ARC = YES;
				CLANG_ENABLE_OBJC_WEAK = YES;
				CLANG_WARN_BLOCK_CAPTURE_AUTORELEASING = YES;
				CLANG_WARN_BOOL_CONVERSION = YES;
				CLANG_WARN_COMMA = YES;
				CLANG_WARN_CONSTANT_CONVERSION = YES;
				CLANG_WARN_DEPRECATED_OBJC_IMPLEMENTATIONS = YES;
				CLANG_WARN_DIRECT_OBJC_ISA_USAGE = YES_ERROR;
				CLANG_WARN_DOCUMENTATION_COMMENTS = YES;
				CLANG_WARN_EMPTY_BODY = YES;
				CLANG_WARN_ENUM_CONVERSION = YES;
				CLANG_WARN_INFINITE_RECURSION = YES;
				CLANG_WARN_INT_CONVERSION = YES;
				CLANG_WARN_NON_LITERAL_NULL_CONVERSION = YES;
				CLANG_WARN_OBJC_IMPLICIT_RETAIN_SELF = YES;
				CLANG_WARN_OBJC_LITERAL_CONVERSION = YES;
				CLANG_WARN_OBJC_ROOT_CLASS = YES_ERROR;
				CLANG_WARN_QUOTED_INCLUDE_IN_FRAMEWORK_HEADER = YES;
				CLANG_WARN_RANGE_LOOP_ANALYSIS = YES;
				CLANG_WARN_STRICT_PROTOTYPES = YES;
				CLANG_WARN_SUSPICIOUS_MOVE = YES;
				CLANG_WARN_UNGUARDED_AVAILABILITY = YES_AGGRESSIVE;
				CLANG_WARN_UNREACHABLE_CODE = YES;
				CLANG_WARN__DUPLICATE_METHOD_MATCH = YES;
				COPY_PHASE_STRIP = NO;
				DEBUG_INFORMATION_FORMAT = dwarf;
				ENABLE_STRICT_OBJC_MSGSEND = YES;
				ENABLE_TESTABILITY = YES;
				GCC_C_LANGUAGE_STANDARD = gnu11;
				GCC_DYNAMIC_NO_PIC = NO;
				GCC_NO_COMMON_BLOCKS = YES;
				GCC_OPTIMIZATION_LEVEL = 0;
				GCC_PREPROCESSOR_DEFINITIONS = (
					"DEBUG=1",
					"$(inherited)",
				);
				GCC_WARN_64_TO_32_BIT_CONVERSION = YES;
				GCC_WARN_ABOUT_RETURN_TYPE = YES_ERROR;
				GCC_WARN_UNDECLARED_SELECTOR = YES;
				GCC_WARN_UNINITIALIZED_AUTOS = YES_AGGRESSIVE;
				GCC_WARN_UNUSED_FUNCTION = YES;
				GCC_WARN_UNUSED_VARIABLE = YES;
				IPHONEOS_DEPLOYMENT_TARGET = 16.2;
				MTL_ENABLE_DEBUG_INFO = INCLUDE_SOURCE;
				MTL_FAST_MATH = YES;
				ONLY_ACTIVE_ARCH = YES;
				SDKROOT = iphoneos;
				SWIFT_ACTIVE_COMPILATION_CONDITIONS = DEBUG;
				SWIFT_OPTIMIZATION_LEVEL = "-Onone";
			};
			name = Debug;
		};
		432B1F7D29D1A4880073C4C9 /* Release */ = {
			isa = XCBuildConfiguration;
			buildSettings = {
				ALWAYS_SEARCH_USER_PATHS = NO;
				CLANG_ANALYZER_NONNULL = YES;
				CLANG_ANALYZER_NUMBER_OBJECT_CONVERSION = YES_AGGRESSIVE;
				CLANG_CXX_LANGUAGE_STANDARD = "gnu++20";
				CLANG_ENABLE_MODULES = YES;
				CLANG_ENABLE_OBJC_ARC = YES;
				CLANG_ENABLE_OBJC_WEAK = YES;
				CLANG_WARN_BLOCK_CAPTURE_AUTORELEASING = YES;
				CLANG_WARN_BOOL_CONVERSION = YES;
				CLANG_WARN_COMMA = YES;
				CLANG_WARN_CONSTANT_CONVERSION = YES;
				CLANG_WARN_DEPRECATED_OBJC_IMPLEMENTATIONS = YES;
				CLANG_WARN_DIRECT_OBJC_ISA_USAGE = YES_ERROR;
				CLANG_WARN_DOCUMENTATION_COMMENTS = YES;
				CLANG_WARN_EMPTY_BODY = YES;
				CLANG_WARN_ENUM_CONVERSION = YES;
				CLANG_WARN_INFINITE_RECURSION = YES;
				CLANG_WARN_INT_CONVERSION = YES;
				CLANG_WARN_NON_LITERAL_NULL_CONVERSION = YES;
				CLANG_WARN_OBJC_IMPLICIT_RETAIN_SELF = YES;
				CLANG_WARN_OBJC_LITERAL_CONVERSION = YES;
				CLANG_WARN_OBJC_ROOT_CLASS = YES_ERROR;
				CLANG_WARN_QUOTED_INCLUDE_IN_FRAMEWORK_HEADER = YES;
				CLANG_WARN_RANGE_LOOP_ANALYSIS = YES;
				CLANG_WARN_STRICT_PROTOTYPES = YES;
				CLANG_WARN_SUSPICIOUS_MOVE = YES;
				CLANG_WARN_UNGUARDED_AVAILABILITY = YES_AGGRESSIVE;
				CLANG_WARN_UNREACHABLE_CODE = YES;
				CLANG_WARN__DUPLICATE_METHOD_MATCH = YES;
				COPY_PHASE_STRIP = NO;
				DEBUG_INFORMATION_FORMAT = "dwarf-with-dsym";
				ENABLE_NS_ASSERTIONS = NO;
				ENABLE_STRICT_OBJC_MSGSEND = YES;
				GCC_C_LANGUAGE_STANDARD = gnu11;
				GCC_NO_COMMON_BLOCKS = YES;
				GCC_WARN_64_TO_32_BIT_CONVERSION = YES;
				GCC_WARN_ABOUT_RETURN_TYPE = YES_ERROR;
				GCC_WARN_UNDECLARED_SELECTOR = YES;
				GCC_WARN_UNINITIALIZED_AUTOS = YES_AGGRESSIVE;
				GCC_WARN_UNUSED_FUNCTION = YES;
				GCC_WARN_UNUSED_VARIABLE = YES;
				IPHONEOS_DEPLOYMENT_TARGET = 16.2;
				MTL_ENABLE_DEBUG_INFO = NO;
				MTL_FAST_MATH = YES;
				SDKROOT = iphoneos;
				SWIFT_COMPILATION_MODE = wholemodule;
				SWIFT_OPTIMIZATION_LEVEL = "-O";
				VALIDATE_PRODUCT = YES;
			};
			name = Release;
		};
		432B1F7F29D1A4880073C4C9 /* Debug */ = {
			isa = XCBuildConfiguration;
			buildSettings = {
				ASSETCATALOG_COMPILER_APPICON_NAME = AppIcon;
				ASSETCATALOG_COMPILER_GLOBAL_ACCENT_COLOR_NAME = AccentColor;
				CODE_SIGN_STYLE = Automatic;
				CURRENT_PROJECT_VERSION = 1;
				GENERATE_INFOPLIST_FILE = YES;
				INFOPLIST_FILE = WeatherApp/Info.plist;
				INFOPLIST_KEY_UIApplicationSupportsIndirectInputEvents = YES;
				INFOPLIST_KEY_UILaunchStoryboardName = LaunchScreen;
				INFOPLIST_KEY_UIMainStoryboardFile = Main;
				INFOPLIST_KEY_UISupportedInterfaceOrientations_iPad = "UIInterfaceOrientationPortrait UIInterfaceOrientationPortraitUpsideDown UIInterfaceOrientationLandscapeLeft UIInterfaceOrientationLandscapeRight";
				INFOPLIST_KEY_UISupportedInterfaceOrientations_iPhone = "UIInterfaceOrientationPortrait UIInterfaceOrientationLandscapeLeft UIInterfaceOrientationLandscapeRight";
				LD_RUNPATH_SEARCH_PATHS = (
					"$(inherited)",
					"@executable_path/Frameworks",
				);
				MARKETING_VERSION = 1.0;
				PRODUCT_BUNDLE_IDENTIFIER = com.service.WeatherApp;
				PRODUCT_NAME = "$(TARGET_NAME)";
				SWIFT_EMIT_LOC_STRINGS = YES;
				SWIFT_VERSION = 5.0;
				TARGETED_DEVICE_FAMILY = "1,2";
			};
			name = Debug;
		};
		432B1F8029D1A4880073C4C9 /* Release */ = {
			isa = XCBuildConfiguration;
			buildSettings = {
				ASSETCATALOG_COMPILER_APPICON_NAME = AppIcon;
				ASSETCATALOG_COMPILER_GLOBAL_ACCENT_COLOR_NAME = AccentColor;
				CODE_SIGN_STYLE = Automatic;
				CURRENT_PROJECT_VERSION = 1;
				GENERATE_INFOPLIST_FILE = YES;
				INFOPLIST_FILE = WeatherApp/Info.plist;
				INFOPLIST_KEY_UIApplicationSupportsIndirectInputEvents = YES;
				INFOPLIST_KEY_UILaunchStoryboardName = LaunchScreen;
				INFOPLIST_KEY_UIMainStoryboardFile = Main;
				INFOPLIST_KEY_UISupportedInterfaceOrientations_iPad = "UIInterfaceOrientationPortrait UIInterfaceOrientationPortraitUpsideDown UIInterfaceOrientationLandscapeLeft UIInterfaceOrientationLandscapeRight";
				INFOPLIST_KEY_UISupportedInterfaceOrientations_iPhone = "UIInterfaceOrientationPortrait UIInterfaceOrientationLandscapeLeft UIInterfaceOrientationLandscapeRight";
				LD_RUNPATH_SEARCH_PATHS = (
					"$(inherited)",
					"@executable_path/Frameworks",
				);
				MARKETING_VERSION = 1.0;
				PRODUCT_BUNDLE_IDENTIFIER = com.service.WeatherApp;
				PRODUCT_NAME = "$(TARGET_NAME)";
				SWIFT_EMIT_LOC_STRINGS = YES;
				SWIFT_VERSION = 5.0;
				TARGETED_DEVICE_FAMILY = "1,2";
			};
			name = Release;
		};
/* End XCBuildConfiguration section */

/* Begin XCConfigurationList section */
		432B1F6529D1A4840073C4C9 /* Build configuration list for PBXProject "WeatherApp" */ = {
			isa = XCConfigurationList;
			buildConfigurations = (
				432B1F7C29D1A4880073C4C9 /* Debug */,
				432B1F7D29D1A4880073C4C9 /* Release */,
			);
			defaultConfigurationIsVisible = 0;
			defaultConfigurationName = Release;
		};
		432B1F7E29D1A4880073C4C9 /* Build configuration list for PBXNativeTarget "WeatherApp" */ = {
			isa = XCConfigurationList;
			buildConfigurations = (
				432B1F7F29D1A4880073C4C9 /* Debug */,
				432B1F8029D1A4880073C4C9 /* Release */,
			);
			defaultConfigurationIsVisible = 0;
			defaultConfigurationName = Release;
		};
/* End XCConfigurationList section */
	};
	rootObject = 432B1F6229D1A4840073C4C9 /* Project object */;
}
